// !$*UTF8*$!
{
	archiveVersion = 1;
	classes = {
	};
	objectVersion = 46;
	objects = {

/* Begin PBXBuildFile section */
		BB5AACF61BA7D9F30049B4A2 /* AppDelegate.swift in Sources */ = {isa = PBXBuildFile; fileRef = BB5AACF51BA7D9F30049B4A2 /* AppDelegate.swift */; };
		BB5AACF81BA7D9F30049B4A2 /* ViewController.swift in Sources */ = {isa = PBXBuildFile; fileRef = BB5AACF71BA7D9F30049B4A2 /* ViewController.swift */; };
		BB5AACFB1BA7D9F30049B4A2 /* Main.storyboard in Resources */ = {isa = PBXBuildFile; fileRef = BB5AACF91BA7D9F30049B4A2 /* Main.storyboard */; };
		BB5AACFD1BA7D9F30049B4A2 /* Images.xcassets in Resources */ = {isa = PBXBuildFile; fileRef = BB5AACFC1BA7D9F30049B4A2 /* Images.xcassets */; };
		BB5AAD001BA7D9F30049B4A2 /* LaunchScreen.xib in Resources */ = {isa = PBXBuildFile; fileRef = BB5AACFE1BA7D9F30049B4A2 /* LaunchScreen.xib */; };
		BB5AAD0C1BA7D9F30049B4A2 /* Yahoo_DigestTests.swift in Sources */ = {isa = PBXBuildFile; fileRef = BB5AAD0B1BA7D9F30049B4A2 /* Yahoo_DigestTests.swift */; };
/* End PBXBuildFile section */

/* Begin PBXContainerItemProxy section */
		BB5AAD061BA7D9F30049B4A2 /* PBXContainerItemProxy */ = {
			isa = PBXContainerItemProxy;
			containerPortal = BB5AACE81BA7D9F30049B4A2 /* Project object */;
			proxyType = 1;
			remoteGlobalIDString = BB5AACEF1BA7D9F30049B4A2;
			remoteInfo = "Yahoo Digest";
		};
/* End PBXContainerItemProxy section */

/* Begin PBXFileReference section */
		BB5AACF01BA7D9F30049B4A2 /* Yahoo Digest.app */ = {isa = PBXFileReference; explicitFileType = wrapper.application; includeInIndex = 0; path = "Yahoo Digest.app"; sourceTree = BUILT_PRODUCTS_DIR; };
		BB5AACF41BA7D9F30049B4A2 /* Info.plist */ = {isa = PBXFileReference; lastKnownFileType = text.plist.xml; path = Info.plist; sourceTree = "<group>"; };
		BB5AACF51BA7D9F30049B4A2 /* AppDelegate.swift */ = {isa = PBXFileReference; lastKnownFileType = sourcecode.swift; path = AppDelegate.swift; sourceTree = "<group>"; };
		BB5AACF71BA7D9F30049B4A2 /* ViewController.swift */ = {isa = PBXFileReference; lastKnownFileType = sourcecode.swift; path = ViewController.swift; sourceTree = "<group>"; };
		BB5AACFA1BA7D9F30049B4A2 /* Base */ = {isa = PBXFileReference; lastKnownFileType = file.storyboard; name = Base; path = Base.lproj/Main.storyboard; sourceTree = "<group>"; };
		BB5AACFC1BA7D9F30049B4A2 /* Images.xcassets */ = {isa = PBXFileReference; lastKnownFileType = folder.assetcatalog; path = Images.xcassets; sourceTree = "<group>"; };
		BB5AACFF1BA7D9F30049B4A2 /* Base */ = {isa = PBXFileReference; lastKnownFileType = file.xib; name = Base; path = Base.lproj/LaunchScreen.xib; sourceTree = "<group>"; };
		BB5AAD051BA7D9F30049B4A2 /* Yahoo DigestTests.xctest */ = {isa = PBXFileReference; explicitFileType = wrapper.cfbundle; includeInIndex = 0; path = "Yahoo DigestTests.xctest"; sourceTree = BUILT_PRODUCTS_DIR; };
		BB5AAD0A1BA7D9F30049B4A2 /* Info.plist */ = {isa = PBXFileReference; lastKnownFileType = text.plist.xml; path = Info.plist; sourceTree = "<group>"; };
		BB5AAD0B1BA7D9F30049B4A2 /* Yahoo_DigestTests.swift */ = {isa = PBXFileReference; lastKnownFileType = sourcecode.swift; path = Yahoo_DigestTests.swift; sourceTree = "<group>"; };
/* End PBXFileReference section */

/* Begin PBXFrameworksBuildPhase section */
		BB5AACED1BA7D9F30049B4A2 /* Frameworks */ = {
			isa = PBXFrameworksBuildPhase;
			buildActionMask = 2147483647;
			files = (
			);
			runOnlyForDeploymentPostprocessing = 0;
		};
		BB5AAD021BA7D9F30049B4A2 /* Frameworks */ = {
			isa = PBXFrameworksBuildPhase;
			buildActionMask = 2147483647;
			files = (
			);
			runOnlyForDeploymentPostprocessing = 0;
		};
/* End PBXFrameworksBuildPhase section */

/* Begin PBXGroup section */
		BB5AACE71BA7D9F30049B4A2 = {
			isa = PBXGroup;
			children = (
				BB5AACF21BA7D9F30049B4A2 /* Yahoo Digest */,
				BB5AAD081BA7D9F30049B4A2 /* Yahoo DigestTests */,
				BB5AACF11BA7D9F30049B4A2 /* Products */,
			);
			sourceTree = "<group>";
		};
		BB5AACF11BA7D9F30049B4A2 /* Products */ = {
			isa = PBXGroup;
			children = (
				BB5AACF01BA7D9F30049B4A2 /* Yahoo Digest.app */,
				BB5AAD051BA7D9F30049B4A2 /* Yahoo DigestTests.xctest */,
			);
			name = Products;
			sourceTree = "<group>";
		};
		BB5AACF21BA7D9F30049B4A2 /* Yahoo Digest */ = {
			isa = PBXGroup;
			children = (
				BB5AACF51BA7D9F30049B4A2 /* AppDelegate.swift */,
				BB5AACF71BA7D9F30049B4A2 /* ViewController.swift */,
				BB5AACF91BA7D9F30049B4A2 /* Main.storyboard */,
				BB5AACFC1BA7D9F30049B4A2 /* Images.xcassets */,
				BB5AACFE1BA7D9F30049B4A2 /* LaunchScreen.xib */,
				BB5AACF31BA7D9F30049B4A2 /* Supporting Files */,
			);
			path = "Yahoo Digest";
			sourceTree = "<group>";
		};
		BB5AACF31BA7D9F30049B4A2 /* Supporting Files */ = {
			isa = PBXGroup;
			children = (
				BB5AACF41BA7D9F30049B4A2 /* Info.plist */,
			);
			name = "Supporting Files";
			sourceTree = "<group>";
		};
		BB5AAD081BA7D9F30049B4A2 /* Yahoo DigestTests */ = {
			isa = PBXGroup;
			children = (
				BB5AAD0B1BA7D9F30049B4A2 /* Yahoo_DigestTests.swift */,
				BB5AAD091BA7D9F30049B4A2 /* Supporting Files */,
			);
			path = "Yahoo DigestTests";
			sourceTree = "<group>";
		};
		BB5AAD091BA7D9F30049B4A2 /* Supporting Files */ = {
			isa = PBXGroup;
			children = (
				BB5AAD0A1BA7D9F30049B4A2 /* Info.plist */,
			);
			name = "Supporting Files";
			sourceTree = "<group>";
		};
/* End PBXGroup section */

/* Begin PBXNativeTarget section */
		BB5AACEF1BA7D9F30049B4A2 /* Yahoo Digest */ = {
			isa = PBXNativeTarget;
			buildConfigurationList = BB5AAD0F1BA7D9F30049B4A2 /* Build configuration list for PBXNativeTarget "Yahoo Digest" */;
			buildPhases = (
				BB5AACEC1BA7D9F30049B4A2 /* Sources */,
				BB5AACED1BA7D9F30049B4A2 /* Frameworks */,
				BB5AACEE1BA7D9F30049B4A2 /* Resources */,
			);
			buildRules = (
			);
			dependencies = (
			);
			name = "Yahoo Digest";
			productName = "Yahoo Digest";
			productReference = BB5AACF01BA7D9F30049B4A2 /* Yahoo Digest.app */;
			productType = "com.apple.product-type.application";
		};
		BB5AAD041BA7D9F30049B4A2 /* Yahoo DigestTests */ = {
			isa = PBXNativeTarget;
			buildConfigurationList = BB5AAD121BA7D9F30049B4A2 /* Build configuration list for PBXNativeTarget "Yahoo DigestTests" */;
			buildPhases = (
				BB5AAD011BA7D9F30049B4A2 /* Sources */,
				BB5AAD021BA7D9F30049B4A2 /* Frameworks */,
				BB5AAD031BA7D9F30049B4A2 /* Resources */,
			);
			buildRules = (
			);
			dependencies = (
				BB5AAD071BA7D9F30049B4A2 /* PBXTargetDependency */,
			);
			name = "Yahoo DigestTests";
			productName = "Yahoo DigestTests";
			productReference = BB5AAD051BA7D9F30049B4A2 /* Yahoo DigestTests.xctest */;
			productType = "com.apple.product-type.bundle.unit-test";
		};
/* End PBXNativeTarget section */

/* Begin PBXProject section */
		BB5AACE81BA7D9F30049B4A2 /* Project object */ = {
			isa = PBXProject;
			attributes = {
				LastUpgradeCheck = 0640;
				ORGANIZATIONNAME = "Joshua Cox";
				TargetAttributes = {
					BB5AACEF1BA7D9F30049B4A2 = {
						CreatedOnToolsVersion = 6.4;
					};
					BB5AAD041BA7D9F30049B4A2 = {
						CreatedOnToolsVersion = 6.4;
						TestTargetID = BB5AACEF1BA7D9F30049B4A2;
					};
				};
			};
			buildConfigurationList = BB5AACEB1BA7D9F30049B4A2 /* Build configuration list for PBXProject "Yahoo Digest" */;
			compatibilityVersion = "Xcode 3.2";
			developmentRegion = English;
			hasScannedForEncodings = 0;
			knownRegions = (
				en,
				Base,
			);
			mainGroup = BB5AACE71BA7D9F30049B4A2;
			productRefGroup = BB5AACF11BA7D9F30049B4A2 /* Products */;
			projectDirPath = "";
			projectRoot = "";
			targets = (
				BB5AACEF1BA7D9F30049B4A2 /* Yahoo Digest */,
				BB5AAD041BA7D9F30049B4A2 /* Yahoo DigestTests */,
			);
		};
/* End PBXProject section */

/* Begin PBXResourcesBuildPhase section */
		BB5AACEE1BA7D9F30049B4A2 /* Resources */ = {
			isa = PBXResourcesBuildPhase;
			buildActionMask = 2147483647;
			files = (
				BB5AACFB1BA7D9F30049B4A2 /* Main.storyboard in Resources */,
				BB5AAD001BA7D9F30049B4A2 /* LaunchScreen.xib in Resources */,
				BB5AACFD1BA7D9F30049B4A2 /* Images.xcassets in Resources */,
			);
			runOnlyForDeploymentPostprocessing = 0;
		};
		BB5AAD031BA7D9F30049B4A2 /* Resources */ = {
			isa = PBXResourcesBuildPhase;
			buildActionMask = 2147483647;
			files = (
			);
			runOnlyForDeploymentPostprocessing = 0;
		};
/* End PBXResourcesBuildPhase section */

/* Begin PBXSourcesBuildPhase section */
		BB5AACEC1BA7D9F30049B4A2 /* Sources */ = {
			isa = PBXSourcesBuildPhase;
			buildActionMask = 2147483647;
			files = (
				BB5AACF81BA7D9F30049B4A2 /* ViewController.swift in Sources */,
				BB5AACF61BA7D9F30049B4A2 /* AppDelegate.swift in Sources */,
			);
			runOnlyForDeploymentPostprocessing = 0;
		};
		BB5AAD011BA7D9F30049B4A2 /* Sources */ = {
			isa = PBXSourcesBuildPhase;
			buildActionMask = 2147483647;
			files = (
				BB5AAD0C1BA7D9F30049B4A2 /* Yahoo_DigestTests.swift in Sources */,
			);
			runOnlyForDeploymentPostprocessing = 0;
		};
/* End PBXSourcesBuildPhase section */

/* Begin PBXTargetDependency section */
		BB5AAD071BA7D9F30049B4A2 /* PBXTargetDependency */ = {
			isa = PBXTargetDependency;
			target = BB5AACEF1BA7D9F30049B4A2 /* Yahoo Digest */;
			targetProxy = BB5AAD061BA7D9F30049B4A2 /* PBXContainerItemProxy */;
		};
/* End PBXTargetDependency section */

/* Begin PBXVariantGroup section */
		BB5AACF91BA7D9F30049B4A2 /* Main.storyboard */ = {
			isa = PBXVariantGroup;
			children = (
				BB5AACFA1BA7D9F30049B4A2 /* Base */,
			);
			name = Main.storyboard;
			sourceTree = "<group>";
		};
		BB5AACFE1BA7D9F30049B4A2 /* LaunchScreen.xib */ = {
			isa = PBXVariantGroup;
			children = (
				BB5AACFF1BA7D9F30049B4A2 /* Base */,
			);
			name = LaunchScreen.xib;
			sourceTree = "<group>";
		};
/* End PBXVariantGroup section */

/* Begin XCBuildConfiguration section */
		BB5AAD0D1BA7D9F30049B4A2 /* Debug */ = {
			isa = XCBuildConfiguration;
			buildSettings = {
				ALWAYS_SEARCH_USER_PATHS = NO;
				CLANG_CXX_LANGUAGE_STANDARD = "gnu++0x";
				CLANG_CXX_LIBRARY = "libc++";
				CLANG_ENABLE_MODULES = YES;
				CLANG_ENABLE_OBJC_ARC = YES;
				CLANG_WARN_BOOL_CONVERSION = YES;
				CLANG_WARN_CONSTANT_CONVERSION = YES;
				CLANG_WARN_DIRECT_OBJC_ISA_USAGE = YES_ERROR;
				CLANG_WARN_EMPTY_BODY = YES;
				CLANG_WARN_ENUM_CONVERSION = YES;
				CLANG_WARN_INT_CONVERSION = YES;
				CLANG_WARN_OBJC_ROOT_CLASS = YES_ERROR;
				CLANG_WARN_UNREACHABLE_CODE = YES;
				CLANG_WARN__DUPLICATE_METHOD_MATCH = YES;
				"CODE_SIGN_IDENTITY[sdk=iphoneos*]" = "iPhone Developer";
				COPY_PHASE_STRIP = NO;
				DEBUG_INFORMATION_FORMAT = "dwarf-with-dsym";
				ENABLE_STRICT_OBJC_MSGSEND = YES;
				GCC_C_LANGUAGE_STANDARD = gnu99;
				GCC_DYNAMIC_NO_PIC = NO;
				GCC_NO_COMMON_BLOCKS = YES;
				GCC_OPTIMIZATION_LEVEL = 0;
				GCC_PREPROCESSOR_DEFINITIONS = (
					"DEBUG=1",
					"$(inherited)",
				);
				GCC_SYMBOLS_PRIVATE_EXTERN = NO;
				GCC_WARN_64_TO_32_BIT_CONVERSION = YES;
				GCC_WARN_ABOUT_RETURN_TYPE = YES_ERROR;
				GCC_WARN_UNDECLARED_SELECTOR = YES;
				GCC_WARN_UNINITIALIZED_AUTOS = YES_AGGRESSIVE;
				GCC_WARN_UNUSED_FUNCTION = YES;
				GCC_WARN_UNUSED_VARIABLE = YES;
				IPHONEOS_DEPLOYMENT_TARGET = 8.4;
				MTL_ENABLE_DEBUG_INFO = YES;
				ONLY_ACTIVE_ARCH = YES;
				SDKROOT = iphoneos;
				SWIFT_OPTIMIZATION_LEVEL = "-Onone";
				TARGETED_DEVICE_FAMILY = "1,2";
			};
			name = Debug;
		};
		BB5AAD0E1BA7D9F30049B4A2 /* Release */ = {
			isa = XCBuildConfiguration;
			buildSettings = {
				ALWAYS_SEARCH_USER_PATHS = NO;
				CLANG_CXX_LANGUAGE_STANDARD = "gnu++0x";
				CLANG_CXX_LIBRARY = "libc++";
				CLANG_ENABLE_MODULES = YES;
				CLANG_ENABLE_OBJC_ARC = YES;
				CLANG_WARN_BOOL_CONVERSION = YES;
				CLANG_WARN_CONSTANT_CONVERSION = YES;
				CLANG_WARN_DIRECT_OBJC_ISA_USAGE = YES_ERROR;
				CLANG_WARN_EMPTY_BODY = YES;
				CLANG_WARN_ENUM_CONVERSION = YES;
				CLANG_WARN_INT_CONVERSION = YES;
				CLANG_WARN_OBJC_ROOT_CLASS = YES_ERROR;
				CLANG_WARN_UNREACHABLE_CODE = YES;
				CLANG_WARN__DUPLICATE_METHOD_MATCH = YES;
				"CODE_SIGN_IDENTITY[sdk=iphoneos*]" = "iPhone Developer";
				COPY_PHASE_STRIP = NO;
				DEBUG_INFORMATION_FORMAT = "dwarf-with-dsym";
				ENABLE_NS_ASSERTIONS = NO;
				ENABLE_STRICT_OBJC_MSGSEND = YES;
				GCC_C_LANGUAGE_STANDARD = gnu99;
				GCC_NO_COMMON_BLOCKS = YES;
				GCC_WARN_64_TO_32_BIT_CONVERSION = YES;
				GCC_WARN_ABOUT_RETURN_TYPE = YES_ERROR;
				GCC_WARN_UNDECLARED_SELECTOR = YES;
				GCC_WARN_UNINITIALIZED_AUTOS = YES_AGGRESSIVE;
				GCC_WARN_UNUSED_FUNCTION = YES;
				GCC_WARN_UNUSED_VARIABLE = YES;
				IPHONEOS_DEPLOYMENT_TARGET = 8.4;
				MTL_ENABLE_DEBUG_INFO = NO;
				SDKROOT = iphoneos;
				TARGETED_DEVICE_FAMILY = "1,2";
				VALIDATE_PRODUCT = YES;
			};
			name = Release;
		};
		BB5AAD101BA7D9F30049B4A2 /* Debug */ = {
			isa = XCBuildConfiguration;
			buildSettings = {
				ASSETCATALOG_COMPILER_APPICON_NAME = AppIcon;
				INFOPLIST_FILE = "Yahoo Digest/Info.plist";
				LD_RUNPATH_SEARCH_PATHS = "$(inherited) @executable_path/Frameworks";
				PRODUCT_NAME = "$(TARGET_NAME)";
			};
			name = Debug;
		};
		BB5AAD111BA7D9F30049B4A2 /* Release */ = {
			isa = XCBuildConfiguration;
			buildSettings = {
				ASSETCATALOG_COMPILER_APPICON_NAME = AppIcon;
				INFOPLIST_FILE = "Yahoo Digest/Info.plist";
				LD_RUNPATH_SEARCH_PATHS = "$(inherited) @executable_path/Frameworks";
				PRODUCT_NAME = "$(TARGET_NAME)";
			};
			name = Release;
		};
		BB5AAD131BA7D9F30049B4A2 /* Debug */ = {
			isa = XCBuildConfiguration;
			buildSettings = {
				BUNDLE_LOADER = "$(TEST_HOST)";
				FRAMEWORK_SEARCH_PATHS = (
					"$(SDKROOT)/Developer/Library/Frameworks",
					"$(inherited)",
				);
				GCC_PREPROCESSOR_DEFINITIONS = (
					"DEBUG=1",
					"$(inherited)",
				);
				INFOPLIST_FILE = "Yahoo DigestTests/Info.plist";
				LD_RUNPATH_SEARCH_PATHS = "$(inherited) @executable_path/Frameworks @loader_path/Frameworks";
				PRODUCT_NAME = "$(TARGET_NAME)";
				TEST_HOST = "$(BUILT_PRODUCTS_DIR)/Yahoo Digest.app/Yahoo Digest";
			};
			name = Debug;
		};
		BB5AAD141BA7D9F30049B4A2 /* Release */ = {
			isa = XCBuildConfiguration;
			buildSettings = {
				BUNDLE_LOADER = "$(TEST_HOST)";
				FRAMEWORK_SEARCH_PATHS = (
					"$(SDKROOT)/Developer/Library/Frameworks",
					"$(inherited)",
				);
				INFOPLIST_FILE = "Yahoo DigestTests/Info.plist";
				LD_RUNPATH_SEARCH_PATHS = "$(inherited) @executable_path/Frameworks @loader_path/Frameworks";
				PRODUCT_NAME = "$(TARGET_NAME)";
				TEST_HOST = "$(BUILT_PRODUCTS_DIR)/Yahoo Digest.app/Yahoo Digest";
			};
			name = Release;
		};
/* End XCBuildConfiguration section */

/* Begin XCConfigurationList section */
		BB5AACEB1BA7D9F30049B4A2 /* Build configuration list for PBXProject "Yahoo Digest" */ = {
			isa = XCConfigurationList;
			buildConfigurations = (
				BB5AAD0D1BA7D9F30049B4A2 /* Debug */,
				BB5AAD0E1BA7D9F30049B4A2 /* Release */,
			);
			defaultConfigurationIsVisible = 0;
			defaultConfigurationName = Release;
		};
		BB5AAD0F1BA7D9F30049B4A2 /* Build configuration list for PBXNativeTarget "Yahoo Digest" */ = {
			isa = XCConfigurationList;
			buildConfigurations = (
				BB5AAD101BA7D9F30049B4A2 /* Debug */,
				BB5AAD111BA7D9F30049B4A2 /* Release */,
			);
			defaultConfigurationIsVisible = 0;
		};
		BB5AAD121BA7D9F30049B4A2 /* Build configuration list for PBXNativeTarget "Yahoo DigestTests" */ = {
			isa = XCConfigurationList;
			buildConfigurations = (
				BB5AAD131BA7D9F30049B4A2 /* Debug */,
				BB5AAD141BA7D9F30049B4A2 /* Release */,
			);
			defaultConfigurationIsVisible = 0;
		};
/* End XCConfigurationList section */
	};
	rootObject = BB5AACE81BA7D9F30049B4A2 /* Project object */;
}
